
Microsoft Visual Studio Solution File, Format Version 12.00
# Visual Studio Version 17
VisualStudioVersion = 17.5.002.0
MinimumVisualStudioVersion = 10.0.40219.1
Project("{9A19103F-16F7-4668-BE54-9A1E7A4F7556}") = "Warframe Armory CLI", "warframe-armory-cli.csproj", "{66B70A7F-4886-400A-840B-AF79BB6B575D}"
EndProject
Global
	GlobalSection(SolutionConfigurationPlatforms) = preSolution
		Debug|Any CPU = Debug|Any CPU
		Release|Any CPU = Release|Any CPU
	EndGlobalSection
	GlobalSection(ProjectConfigurationPlatforms) = postSolution
		{66B70A7F-4886-400A-840B-AF79BB6B575D}.Debug|Any CPU.ActiveCfg = Debug|Any CPU
		{66B70A7F-4886-400A-840B-AF79BB6B575D}.Debug|Any CPU.Build.0 = Debug|Any CPU
		{66B70A7F-4886-400A-840B-AF79BB6B575D}.Release|Any CPU.ActiveCfg = Release|Any CPU
		{66B70A7F-4886-400A-840B-AF79BB6B575D}.Release|Any CPU.Build.0 = Release|Any CPU
	EndGlobalSection
	GlobalSection(SolutionProperties) = preSolution
		HideSolutionNode = FALSE
	EndGlobalSection
	GlobalSection(ExtensibilityGlobals) = postSolution
		SolutionGuid = {F988B0EE-9234-4B7A-B1AC-6AC533639FAB}
	EndGlobalSection
EndGlobal
